
Microsoft Visual Studio Solution File, Format Version 12.00
# Visual Studio Version 17
VisualStudioVersion = 17.1.32210.238
MinimumVisualStudioVersion = 10.0.40219.1
Project("{FAE04EC0-301F-11D3-BF4B-00C04F79EFBC}") = "AutomobileSystem", "AutomobileSystem\AutomobileSystem.csproj", "{DE119700-3042-4CB0-8DF1-85F485B75170}"
EndProject
Global
	GlobalSection(SolutionConfigurationPlatforms) = preSolution
		Debug|Any CPU = Debug|Any CPU
		Release|Any CPU = Release|Any CPU
	EndGlobalSection
	GlobalSection(ProjectConfigurationPlatforms) = postSolution
		{DE119700-3042-4CB0-8DF1-85F485B75170}.Debug|Any CPU.ActiveCfg = Debug|Any CPU
		{DE119700-3042-4CB0-8DF1-85F485B75170}.Debug|Any CPU.Build.0 = Debug|Any CPU
		{DE119700-3042-4CB0-8DF1-85F485B75170}.Release|Any CPU.ActiveCfg = Release|Any CPU
		{DE119700-3042-4CB0-8DF1-85F485B75170}.Release|Any CPU.Build.0 = Release|Any CPU
	EndGlobalSection
	GlobalSection(SolutionProperties) = preSolution
		HideSolutionNode = FALSE
	EndGlobalSection
	GlobalSection(ExtensibilityGlobals) = postSolution
		SolutionGuid = {C3D668F7-DDBD-4588-8BF5-37F99F6FD1B8}
	EndGlobalSection
EndGlobal
